
Microsoft Visual Studio Solution File, Format Version 12.00
# Visual Studio Version 17
VisualStudioVersion = 17.4.33213.308
MinimumVisualStudioVersion = 10.0.40219.1
Project("{2150E333-8FDC-42A3-9474-1A3956D46DE8}") = "src", "src", "{0615C5AB-F4C2-418E-9B61-FA04EB9A844C}"
EndProject
Project("{9A19103F-16F7-4668-BE54-9A1E7A4F7556}") = "B3Test.Api", "src\B3Test.Api\B3Test.Api.csproj", "{FBD2ECDE-3049-4460-B6E3-B2EAD11254F9}"
EndProject
Project("{9A19103F-16F7-4668-BE54-9A1E7A4F7556}") = "B3Test.Worker", "src\B3Test.Worker\B3Test.Worker.csproj", "{D52DBD63-3DB4-4B3D-B9D7-463B2B5C1232}"
EndProject
Project("{9A19103F-16F7-4668-BE54-9A1E7A4F7556}") = "B3Test.Application", "src\B3Test.Application\B3Test.Application.csproj", "{F2CDCAB3-6A4A-4318-97FA-3A245473E23A}"
EndProject
Project("{9A19103F-16F7-4668-BE54-9A1E7A4F7556}") = "B3Test.Domain", "src\B3Test.Domain\B3Test.Domain.csproj", "{642BC1EF-87DC-489D-8BFB-FDA9220EB806}"
EndProject
Project("{9A19103F-16F7-4668-BE54-9A1E7A4F7556}") = "B3Test.Infrastructure", "src\B3Test.Infrastructure\B3Test.Infrastructure.csproj", "{1961BED7-D357-4557-A08B-D145A35A1DC5}"
EndProject
Project("{2150E333-8FDC-42A3-9474-1A3956D46DE8}") = "BuildingBlocks", "BuildingBlocks", "{A9E888D5-E771-4660-9217-CB2947093879}"
EndProject
Project("{9A19103F-16F7-4668-BE54-9A1E7A4F7556}") = "B3Test.Monitoring.Abstractions", "BuildingBlocks\B3Test.Monitoring\B3Test.Monitoring.Abstractions.csproj", "{86A6CE23-BCE2-4984-9E80-AD0D5384580D}"
EndProject
Project("{9A19103F-16F7-4668-BE54-9A1E7A4F7556}") = "B3Test.Monitoring.Prometheus", "BuildingBlocks\B3Test.Monitoring.Prometheus\B3Test.Monitoring.Prometheus.csproj", "{C7D89594-8CB4-4882-A3C1-C71DD3C2FC86}"
EndProject
Project("{9A19103F-16F7-4668-BE54-9A1E7A4F7556}") = "B3Test.Shared", "src\B3Test.Shared\B3Test.Shared.csproj", "{F62A05AF-4527-4CCB-AC3E-BD73975F4768}"
EndProject
Project("{9A19103F-16F7-4668-BE54-9A1E7A4F7556}") = "B3Test.Monitoring.AspNetCore", "BuildingBlocks\B3Test.Monitoring.AspNetCore\B3Test.Monitoring.AspNetCore.csproj", "{19CD7B17-7B5E-433E-B00C-86B4BA6E0AAF}"
EndProject
Project("{9A19103F-16F7-4668-BE54-9A1E7A4F7556}") = "B3Test.MessageBus.MassTransit", "BuildingBlocks\B3Test.MessageBus.MassTransit\B3Test.MessageBus.MassTransit.csproj", "{F555A6F7-ACFE-45AE-B51E-70B4FC53CE00}"
EndProject
Project("{E53339B2-1760-4266-BCC7-CA923CBCF16C}") = "docker-compose", "docker-compose.dcproj", "{9A6CF42F-94F5-4BB8-A833-0797EE523E3C}"
EndProject
Project("{FAE04EC0-301F-11D3-BF4B-00C04F79EFBC}") = "B3Test.Serilog", "BuildingBlocks\B3Test.Serilog\B3Test.Serilog.csproj", "{FBF35B13-CEF8-48CE-B934-460DE4E25878}"
EndProject
Global
	GlobalSection(SolutionConfigurationPlatforms) = preSolution
		Debug|Any CPU = Debug|Any CPU
		Release|Any CPU = Release|Any CPU
	EndGlobalSection
	GlobalSection(ProjectConfigurationPlatforms) = postSolution
		{FBD2ECDE-3049-4460-B6E3-B2EAD11254F9}.Debug|Any CPU.ActiveCfg = Debug|Any CPU
		{FBD2ECDE-3049-4460-B6E3-B2EAD11254F9}.Debug|Any CPU.Build.0 = Debug|Any CPU
		{FBD2ECDE-3049-4460-B6E3-B2EAD11254F9}.Release|Any CPU.ActiveCfg = Release|Any CPU
		{FBD2ECDE-3049-4460-B6E3-B2EAD11254F9}.Release|Any CPU.Build.0 = Release|Any CPU
		{D52DBD63-3DB4-4B3D-B9D7-463B2B5C1232}.Debug|Any CPU.ActiveCfg = Debug|Any CPU
		{D52DBD63-3DB4-4B3D-B9D7-463B2B5C1232}.Debug|Any CPU.Build.0 = Debug|Any CPU
		{D52DBD63-3DB4-4B3D-B9D7-463B2B5C1232}.Release|Any CPU.ActiveCfg = Release|Any CPU
		{D52DBD63-3DB4-4B3D-B9D7-463B2B5C1232}.Release|Any CPU.Build.0 = Release|Any CPU
		{F2CDCAB3-6A4A-4318-97FA-3A245473E23A}.Debug|Any CPU.ActiveCfg = Debug|Any CPU
		{F2CDCAB3-6A4A-4318-97FA-3A245473E23A}.Debug|Any CPU.Build.0 = Debug|Any CPU
		{F2CDCAB3-6A4A-4318-97FA-3A245473E23A}.Release|Any CPU.ActiveCfg = Release|Any CPU
		{F2CDCAB3-6A4A-4318-97FA-3A245473E23A}.Release|Any CPU.Build.0 = Release|Any CPU
		{642BC1EF-87DC-489D-8BFB-FDA9220EB806}.Debug|Any CPU.ActiveCfg = Debug|Any CPU
		{642BC1EF-87DC-489D-8BFB-FDA9220EB806}.Debug|Any CPU.Build.0 = Debug|Any CPU
		{642BC1EF-87DC-489D-8BFB-FDA9220EB806}.Release|Any CPU.ActiveCfg = Release|Any CPU
		{642BC1EF-87DC-489D-8BFB-FDA9220EB806}.Release|Any CPU.Build.0 = Release|Any CPU
		{1961BED7-D357-4557-A08B-D145A35A1DC5}.Debug|Any CPU.ActiveCfg = Debug|Any CPU
		{1961BED7-D357-4557-A08B-D145A35A1DC5}.Debug|Any CPU.Build.0 = Debug|Any CPU
		{1961BED7-D357-4557-A08B-D145A35A1DC5}.Release|Any CPU.ActiveCfg = Release|Any CPU
		{1961BED7-D357-4557-A08B-D145A35A1DC5}.Release|Any CPU.Build.0 = Release|Any CPU
		{86A6CE23-BCE2-4984-9E80-AD0D5384580D}.Debug|Any CPU.ActiveCfg = Debug|Any CPU
		{86A6CE23-BCE2-4984-9E80-AD0D5384580D}.Debug|Any CPU.Build.0 = Debug|Any CPU
		{86A6CE23-BCE2-4984-9E80-AD0D5384580D}.Release|Any CPU.ActiveCfg = Release|Any CPU
		{86A6CE23-BCE2-4984-9E80-AD0D5384580D}.Release|Any CPU.Build.0 = Release|Any CPU
		{C7D89594-8CB4-4882-A3C1-C71DD3C2FC86}.Debug|Any CPU.ActiveCfg = Debug|Any CPU
		{C7D89594-8CB4-4882-A3C1-C71DD3C2FC86}.Debug|Any CPU.Build.0 = Debug|Any CPU
		{C7D89594-8CB4-4882-A3C1-C71DD3C2FC86}.Release|Any CPU.ActiveCfg = Release|Any CPU
		{C7D89594-8CB4-4882-A3C1-C71DD3C2FC86}.Release|Any CPU.Build.0 = Release|Any CPU
		{F62A05AF-4527-4CCB-AC3E-BD73975F4768}.Debug|Any CPU.ActiveCfg = Debug|Any CPU
		{F62A05AF-4527-4CCB-AC3E-BD73975F4768}.Debug|Any CPU.Build.0 = Debug|Any CPU
		{F62A05AF-4527-4CCB-AC3E-BD73975F4768}.Release|Any CPU.ActiveCfg = Release|Any CPU
		{F62A05AF-4527-4CCB-AC3E-BD73975F4768}.Release|Any CPU.Build.0 = Release|Any CPU
		{19CD7B17-7B5E-433E-B00C-86B4BA6E0AAF}.Debug|Any CPU.ActiveCfg = Debug|Any CPU
		{19CD7B17-7B5E-433E-B00C-86B4BA6E0AAF}.Debug|Any CPU.Build.0 = Debug|Any CPU
		{19CD7B17-7B5E-433E-B00C-86B4BA6E0AAF}.Release|Any CPU.ActiveCfg = Release|Any CPU
		{19CD7B17-7B5E-433E-B00C-86B4BA6E0AAF}.Release|Any CPU.Build.0 = Release|Any CPU
		{F555A6F7-ACFE-45AE-B51E-70B4FC53CE00}.Debug|Any CPU.ActiveCfg = Debug|Any CPU
		{F555A6F7-ACFE-45AE-B51E-70B4FC53CE00}.Debug|Any CPU.Build.0 = Debug|Any CPU
		{F555A6F7-ACFE-45AE-B51E-70B4FC53CE00}.Release|Any CPU.ActiveCfg = Release|Any CPU
		{F555A6F7-ACFE-45AE-B51E-70B4FC53CE00}.Release|Any CPU.Build.0 = Release|Any CPU
		{9A6CF42F-94F5-4BB8-A833-0797EE523E3C}.Debug|Any CPU.ActiveCfg = Debug|Any CPU
		{9A6CF42F-94F5-4BB8-A833-0797EE523E3C}.Debug|Any CPU.Build.0 = Debug|Any CPU
		{9A6CF42F-94F5-4BB8-A833-0797EE523E3C}.Release|Any CPU.ActiveCfg = Release|Any CPU
		{9A6CF42F-94F5-4BB8-A833-0797EE523E3C}.Release|Any CPU.Build.0 = Release|Any CPU
		{FBF35B13-CEF8-48CE-B934-460DE4E25878}.Debug|Any CPU.ActiveCfg = Debug|Any CPU
		{FBF35B13-CEF8-48CE-B934-460DE4E25878}.Debug|Any CPU.Build.0 = Debug|Any CPU
		{FBF35B13-CEF8-48CE-B934-460DE4E25878}.Release|Any CPU.ActiveCfg = Release|Any CPU
		{FBF35B13-CEF8-48CE-B934-460DE4E25878}.Release|Any CPU.Build.0 = Release|Any CPU
	EndGlobalSection
	GlobalSection(SolutionProperties) = preSolution
		HideSolutionNode = FALSE
	EndGlobalSection
	GlobalSection(NestedProjects) = preSolution
		{FBD2ECDE-3049-4460-B6E3-B2EAD11254F9} = {0615C5AB-F4C2-418E-9B61-FA04EB9A844C}
		{D52DBD63-3DB4-4B3D-B9D7-463B2B5C1232} = {0615C5AB-F4C2-418E-9B61-FA04EB9A844C}
		{F2CDCAB3-6A4A-4318-97FA-3A245473E23A} = {0615C5AB-F4C2-418E-9B61-FA04EB9A844C}
		{642BC1EF-87DC-489D-8BFB-FDA9220EB806} = {0615C5AB-F4C2-418E-9B61-FA04EB9A844C}
		{1961BED7-D357-4557-A08B-D145A35A1DC5} = {0615C5AB-F4C2-418E-9B61-FA04EB9A844C}
		{86A6CE23-BCE2-4984-9E80-AD0D5384580D} = {A9E888D5-E771-4660-9217-CB2947093879}
		{C7D89594-8CB4-4882-A3C1-C71DD3C2FC86} = {A9E888D5-E771-4660-9217-CB2947093879}
		{F62A05AF-4527-4CCB-AC3E-BD73975F4768} = {0615C5AB-F4C2-418E-9B61-FA04EB9A844C}
		{19CD7B17-7B5E-433E-B00C-86B4BA6E0AAF} = {A9E888D5-E771-4660-9217-CB2947093879}
		{F555A6F7-ACFE-45AE-B51E-70B4FC53CE00} = {A9E888D5-E771-4660-9217-CB2947093879}
		{FBF35B13-CEF8-48CE-B934-460DE4E25878} = {A9E888D5-E771-4660-9217-CB2947093879}
	EndGlobalSection
	GlobalSection(ExtensibilityGlobals) = postSolution
		SolutionGuid = {E3100C68-66AE-4304-B2BE-DA81B4BDAD11}
	EndGlobalSection
EndGlobal
